
Microsoft Visual Studio Solution File, Format Version 12.00
# Visual Studio Version 17
VisualStudioVersion = 17.9.34622.214
MinimumVisualStudioVersion = 10.0.40219.1
Project("{9A19103F-16F7-4668-BE54-9A1E7A4F7556}") = "Core.Persistence", "Core.Persistence\Core.Persistence.csproj", "{140EFFAB-E09C-4860-83F8-62C8BA49E843}"
EndProject
Project("{9A19103F-16F7-4668-BE54-9A1E7A4F7556}") = "Core.Application", "Core.Application\Core.Application.csproj", "{2D83331F-CDC9-4D39-B691-F772DC873536}"
EndProject
Project("{FAE04EC0-301F-11D3-BF4B-00C04F79EFBC}") = "Core.CrossCuttingConcerns", "Core.CrossCuttingConcerns\Core.CrossCuttingConcerns.csproj", "{A3F7D8B7-8720-43E0-BEA9-AFE17F10B6C2}"
EndProject
Global
	GlobalSection(SolutionConfigurationPlatforms) = preSolution
		Debug|Any CPU = Debug|Any CPU
		Release|Any CPU = Release|Any CPU
	EndGlobalSection
	GlobalSection(ProjectConfigurationPlatforms) = postSolution
		{140EFFAB-E09C-4860-83F8-62C8BA49E843}.Debug|Any CPU.ActiveCfg = Debug|Any CPU
		{140EFFAB-E09C-4860-83F8-62C8BA49E843}.Debug|Any CPU.Build.0 = Debug|Any CPU
		{140EFFAB-E09C-4860-83F8-62C8BA49E843}.Release|Any CPU.ActiveCfg = Release|Any CPU
		{140EFFAB-E09C-4860-83F8-62C8BA49E843}.Release|Any CPU.Build.0 = Release|Any CPU
		{2D83331F-CDC9-4D39-B691-F772DC873536}.Debug|Any CPU.ActiveCfg = Debug|Any CPU
		{2D83331F-CDC9-4D39-B691-F772DC873536}.Debug|Any CPU.Build.0 = Debug|Any CPU
		{2D83331F-CDC9-4D39-B691-F772DC873536}.Release|Any CPU.ActiveCfg = Release|Any CPU
		{2D83331F-CDC9-4D39-B691-F772DC873536}.Release|Any CPU.Build.0 = Release|Any CPU
		{A3F7D8B7-8720-43E0-BEA9-AFE17F10B6C2}.Debug|Any CPU.ActiveCfg = Debug|Any CPU
		{A3F7D8B7-8720-43E0-BEA9-AFE17F10B6C2}.Debug|Any CPU.Build.0 = Debug|Any CPU
		{A3F7D8B7-8720-43E0-BEA9-AFE17F10B6C2}.Release|Any CPU.ActiveCfg = Release|Any CPU
		{A3F7D8B7-8720-43E0-BEA9-AFE17F10B6C2}.Release|Any CPU.Build.0 = Release|Any CPU
	EndGlobalSection
	GlobalSection(SolutionProperties) = preSolution
		HideSolutionNode = FALSE
	EndGlobalSection
	GlobalSection(ExtensibilityGlobals) = postSolution
		SolutionGuid = {2A4FC1D6-D076-45A5-9E7A-455BD5CDE38D}
	EndGlobalSection
EndGlobal
